// !$*UTF8*$!
{
	archiveVersion = 1;
	classes = {
	};
	objectVersion = 50;
	objects = {

/* Begin PBXBuildFile section */
		6B35FBAD241B2892005113CF /* Logger.swift in Sources */ = {isa = PBXBuildFile; fileRef = 6B35FBAC241B2892005113CF /* Logger.swift */; };
		6B417F7B2418AA93006EFC23 /* UserDefault.swift in Sources */ = {isa = PBXBuildFile; fileRef = 6B417F7A2418AA93006EFC23 /* UserDefault.swift */; };
		6B417F7D2418AB7B006EFC23 /* BackgroundNotificationView.swift in Sources */ = {isa = PBXBuildFile; fileRef = 6B417F7C2418AB7B006EFC23 /* BackgroundNotificationView.swift */; };
		6B84806E24173F6C0024484A /* AppDelegate.swift in Sources */ = {isa = PBXBuildFile; fileRef = 6B84806D24173F6C0024484A /* AppDelegate.swift */; };
		6B84807024173F6C0024484A /* SceneDelegate.swift in Sources */ = {isa = PBXBuildFile; fileRef = 6B84806F24173F6C0024484A /* SceneDelegate.swift */; };
		6B84807224173F6C0024484A /* ContentView.swift in Sources */ = {isa = PBXBuildFile; fileRef = 6B84807124173F6C0024484A /* ContentView.swift */; };
		6B84807424173F6C0024484A /* Assets.xcassets in Resources */ = {isa = PBXBuildFile; fileRef = 6B84807324173F6C0024484A /* Assets.xcassets */; };
		6B84807724173F6C0024484A /* Preview Assets.xcassets in Resources */ = {isa = PBXBuildFile; fileRef = 6B84807624173F6C0024484A /* Preview Assets.xcassets */; };
		6B84807A24173F6C0024484A /* LaunchScreen.storyboard in Resources */ = {isa = PBXBuildFile; fileRef = 6B84807824173F6C0024484A /* LaunchScreen.storyboard */; };
		6B84808224173F800024484A /* NotificationHelper.swift in Sources */ = {isa = PBXBuildFile; fileRef = 6B84808124173F800024484A /* NotificationHelper.swift */; };
		6B84808424173F880024484A /* SampleRepository.swift in Sources */ = {isa = PBXBuildFile; fileRef = 6B84808324173F880024484A /* SampleRepository.swift */; };
		6B848087241742020024484A /* BackgroundTaskCompletionView.swift in Sources */ = {isa = PBXBuildFile; fileRef = 6B848086241742020024484A /* BackgroundTaskCompletionView.swift */; };
		6B84808924175FB90024484A /* URLSessionView.swift in Sources */ = {isa = PBXBuildFile; fileRef = 6B84808824175FB90024484A /* URLSessionView.swift */; };
		6B84808B241774430024484A /* ProcessingTaskView.swift in Sources */ = {isa = PBXBuildFile; fileRef = 6B84808A241774430024484A /* ProcessingTaskView.swift */; };
		6B84808D241778EA0024484A /* AppRefreshTaskView.swift in Sources */ = {isa = PBXBuildFile; fileRef = 6B84808C241778EA0024484A /* AppRefreshTaskView.swift */; };
/* End PBXBuildFile section */

/* Begin PBXFileReference section */
		6B35FBAC241B2892005113CF /* Logger.swift */ = {isa = PBXFileReference; lastKnownFileType = sourcecode.swift; path = Logger.swift; sourceTree = "<group>"; };
		6B417F7A2418AA93006EFC23 /* UserDefault.swift */ = {isa = PBXFileReference; lastKnownFileType = sourcecode.swift; path = UserDefault.swift; sourceTree = "<group>"; };
		6B417F7C2418AB7B006EFC23 /* BackgroundNotificationView.swift */ = {isa = PBXFileReference; lastKnownFileType = sourcecode.swift; path = BackgroundNotificationView.swift; sourceTree = "<group>"; };
		6B84806A24173F6C0024484A /* BackgroundSample.app */ = {isa = PBXFileReference; explicitFileType = wrapper.application; includeInIndex = 0; path = BackgroundSample.app; sourceTree = BUILT_PRODUCTS_DIR; };
		6B84806D24173F6C0024484A /* AppDelegate.swift */ = {isa = PBXFileReference; lastKnownFileType = sourcecode.swift; path = AppDelegate.swift; sourceTree = "<group>"; };
		6B84806F24173F6C0024484A /* SceneDelegate.swift */ = {isa = PBXFileReference; lastKnownFileType = sourcecode.swift; path = SceneDelegate.swift; sourceTree = "<group>"; };
		6B84807124173F6C0024484A /* ContentView.swift */ = {isa = PBXFileReference; lastKnownFileType = sourcecode.swift; path = ContentView.swift; sourceTree = "<group>"; };
		6B84807324173F6C0024484A /* Assets.xcassets */ = {isa = PBXFileReference; lastKnownFileType = folder.assetcatalog; path = Assets.xcassets; sourceTree = "<group>"; };
		6B84807624173F6C0024484A /* Preview Assets.xcassets */ = {isa = PBXFileReference; lastKnownFileType = folder.assetcatalog; path = "Preview Assets.xcassets"; sourceTree = "<group>"; };
		6B84807924173F6C0024484A /* Base */ = {isa = PBXFileReference; lastKnownFileType = file.storyboard; name = Base; path = Base.lproj/LaunchScreen.storyboard; sourceTree = "<group>"; };
		6B84807B24173F6C0024484A /* Info.plist */ = {isa = PBXFileReference; lastKnownFileType = text.plist.xml; path = Info.plist; sourceTree = "<group>"; };
		6B84808124173F800024484A /* NotificationHelper.swift */ = {isa = PBXFileReference; fileEncoding = 4; lastKnownFileType = sourcecode.swift; path = NotificationHelper.swift; sourceTree = "<group>"; };
		6B84808324173F880024484A /* SampleRepository.swift */ = {isa = PBXFileReference; fileEncoding = 4; lastKnownFileType = sourcecode.swift; path = SampleRepository.swift; sourceTree = "<group>"; };
		6B848086241742020024484A /* BackgroundTaskCompletionView.swift */ = {isa = PBXFileReference; lastKnownFileType = sourcecode.swift; path = BackgroundTaskCompletionView.swift; sourceTree = "<group>"; };
		6B84808824175FB90024484A /* URLSessionView.swift */ = {isa = PBXFileReference; lastKnownFileType = sourcecode.swift; path = URLSessionView.swift; sourceTree = "<group>"; };
		6B84808A241774430024484A /* ProcessingTaskView.swift */ = {isa = PBXFileReference; lastKnownFileType = sourcecode.swift; path = ProcessingTaskView.swift; sourceTree = "<group>"; };
		6B84808C241778EA0024484A /* AppRefreshTaskView.swift */ = {isa = PBXFileReference; lastKnownFileType = sourcecode.swift; path = AppRefreshTaskView.swift; sourceTree = "<group>"; };
		6B84808E241880050024484A /* BackgroundSample.entitlements */ = {isa = PBXFileReference; lastKnownFileType = text.plist.entitlements; path = BackgroundSample.entitlements; sourceTree = "<group>"; };
/* End PBXFileReference section */

/* Begin PBXFrameworksBuildPhase section */
		6B84806724173F6C0024484A /* Frameworks */ = {
			isa = PBXFrameworksBuildPhase;
			buildActionMask = 2147483647;
			files = (
			);
			runOnlyForDeploymentPostprocessing = 0;
		};
/* End PBXFrameworksBuildPhase section */

/* Begin PBXGroup section */
		6B84806124173F6C0024484A = {
			isa = PBXGroup;
			children = (
				6B84806C24173F6C0024484A /* BackgroundSample */,
				6B84806B24173F6C0024484A /* Products */,
			);
			sourceTree = "<group>";
		};
		6B84806B24173F6C0024484A /* Products */ = {
			isa = PBXGroup;
			children = (
				6B84806A24173F6C0024484A /* BackgroundSample.app */,
			);
			name = Products;
			sourceTree = "<group>";
		};
		6B84806C24173F6C0024484A /* BackgroundSample */ = {
			isa = PBXGroup;
			children = (
				6B84808E241880050024484A /* BackgroundSample.entitlements */,
				6B848085241741EA0024484A /* Views */,
				6B84806D24173F6C0024484A /* AppDelegate.swift */,
				6B84806F24173F6C0024484A /* SceneDelegate.swift */,
				6B84807124173F6C0024484A /* ContentView.swift */,
				6B84807324173F6C0024484A /* Assets.xcassets */,
				6B84807824173F6C0024484A /* LaunchScreen.storyboard */,
				6B84807B24173F6C0024484A /* Info.plist */,
				6B84808324173F880024484A /* SampleRepository.swift */,
				6B84808124173F800024484A /* NotificationHelper.swift */,
				6B417F7A2418AA93006EFC23 /* UserDefault.swift */,
				6B35FBAC241B2892005113CF /* Logger.swift */,
				6B84807524173F6C0024484A /* Preview Content */,
			);
			path = BackgroundSample;
			sourceTree = "<group>";
		};
		6B84807524173F6C0024484A /* Preview Content */ = {
			isa = PBXGroup;
			children = (
				6B84807624173F6C0024484A /* Preview Assets.xcassets */,
			);
			path = "Preview Content";
			sourceTree = "<group>";
		};
		6B848085241741EA0024484A /* Views */ = {
			isa = PBXGroup;
			children = (
				6B848086241742020024484A /* BackgroundTaskCompletionView.swift */,
				6B417F7C2418AB7B006EFC23 /* BackgroundNotificationView.swift */,
				6B84808824175FB90024484A /* URLSessionView.swift */,
				6B84808A241774430024484A /* ProcessingTaskView.swift */,
				6B84808C241778EA0024484A /* AppRefreshTaskView.swift */,
			);
			path = Views;
			sourceTree = "<group>";
		};
/* End PBXGroup section */

/* Begin PBXNativeTarget section */
		6B84806924173F6C0024484A /* BackgroundSample */ = {
			isa = PBXNativeTarget;
			buildConfigurationList = 6B84807E24173F6C0024484A /* Build configuration list for PBXNativeTarget "BackgroundSample" */;
			buildPhases = (
				6B84806624173F6C0024484A /* Sources */,
				6B84806724173F6C0024484A /* Frameworks */,
				6B84806824173F6C0024484A /* Resources */,
			);
			buildRules = (
			);
			dependencies = (
			);
			name = BackgroundSample;
			productName = BackgroundSample;
			productReference = 6B84806A24173F6C0024484A /* BackgroundSample.app */;
			productType = "com.apple.product-type.application";
		};
/* End PBXNativeTarget section */

/* Begin PBXProject section */
		6B84806224173F6C0024484A /* Project object */ = {
			isa = PBXProject;
			attributes = {
				LastSwiftUpdateCheck = 1130;
				LastUpgradeCheck = 1130;
				ORGANIZATIONNAME = "Takuya Yokoyama";
				TargetAttributes = {
					6B84806924173F6C0024484A = {
						CreatedOnToolsVersion = 11.3.1;
					};
				};
			};
			buildConfigurationList = 6B84806524173F6C0024484A /* Build configuration list for PBXProject "BackgroundSample" */;
			compatibilityVersion = "Xcode 9.3";
			developmentRegion = en;
			hasScannedForEncodings = 0;
			knownRegions = (
				en,
				Base,
			);
			mainGroup = 6B84806124173F6C0024484A;
			productRefGroup = 6B84806B24173F6C0024484A /* Products */;
			projectDirPath = "";
			projectRoot = "";
			targets = (
				6B84806924173F6C0024484A /* BackgroundSample */,
			);
		};
/* End PBXProject section */

/* Begin PBXResourcesBuildPhase section */
		6B84806824173F6C0024484A /* Resources */ = {
			isa = PBXResourcesBuildPhase;
			buildActionMask = 2147483647;
			files = (
				6B84807A24173F6C0024484A /* LaunchScreen.storyboard in Resources */,
				6B84807724173F6C0024484A /* Preview Assets.xcassets in Resources */,
				6B84807424173F6C0024484A /* Assets.xcassets in Resources */,
			);
			runOnlyForDeploymentPostprocessing = 0;
		};
/* End PBXResourcesBuildPhase section */

/* Begin PBXSourcesBuildPhase section */
		6B84806624173F6C0024484A /* Sources */ = {
			isa = PBXSourcesBuildPhase;
			buildActionMask = 2147483647;
			files = (
				6B84808D241778EA0024484A /* AppRefreshTaskView.swift in Sources */,
				6B84808424173F880024484A /* SampleRepository.swift in Sources */,
				6B417F7B2418AA93006EFC23 /* UserDefault.swift in Sources */,
				6B417F7D2418AB7B006EFC23 /* BackgroundNotificationView.swift in Sources */,
				6B84806E24173F6C0024484A /* AppDelegate.swift in Sources */,
				6B84807024173F6C0024484A /* SceneDelegate.swift in Sources */,
				6B84807224173F6C0024484A /* ContentView.swift in Sources */,
				6B35FBAD241B2892005113CF /* Logger.swift in Sources */,
				6B84808224173F800024484A /* NotificationHelper.swift in Sources */,
				6B848087241742020024484A /* BackgroundTaskCompletionView.swift in Sources */,
				6B84808B241774430024484A /* ProcessingTaskView.swift in Sources */,
				6B84808924175FB90024484A /* URLSessionView.swift in Sources */,
			);
			runOnlyForDeploymentPostprocessing = 0;
		};
/* End PBXSourcesBuildPhase section */

/* Begin PBXVariantGroup section */
		6B84807824173F6C0024484A /* LaunchScreen.storyboard */ = {
			isa = PBXVariantGroup;
			children = (
				6B84807924173F6C0024484A /* Base */,
			);
			name = LaunchScreen.storyboard;
			sourceTree = "<group>";
		};
/* End PBXVariantGroup section */

/* Begin XCBuildConfiguration section */
		6B84807C24173F6C0024484A /* Debug */ = {
			isa = XCBuildConfiguration;
			buildSettings = {
				ALWAYS_SEARCH_USER_PATHS = NO;
				CLANG_ANALYZER_NONNULL = YES;
				CLANG_ANALYZER_NUMBER_OBJECT_CONVERSION = YES_AGGRESSIVE;
				CLANG_CXX_LANGUAGE_STANDARD = "gnu++14";
				CLANG_CXX_LIBRARY = "libc++";
				CLANG_ENABLE_MODULES = YES;
				CLANG_ENABLE_OBJC_ARC = YES;
				CLANG_ENABLE_OBJC_WEAK = YES;
				CLANG_WARN_BLOCK_CAPTURE_AUTORELEASING = YES;
				CLANG_WARN_BOOL_CONVERSION = YES;
				CLANG_WARN_COMMA = YES;
				CLANG_WARN_CONSTANT_CONVERSION = YES;
				CLANG_WARN_DEPRECATED_OBJC_IMPLEMENTATIONS = YES;
				CLANG_WARN_DIRECT_OBJC_ISA_USAGE = YES_ERROR;
				CLANG_WARN_DOCUMENTATION_COMMENTS = YES;
				CLANG_WARN_EMPTY_BODY = YES;
				CLANG_WARN_ENUM_CONVERSION = YES;
				CLANG_WARN_INFINITE_RECURSION = YES;
				CLANG_WARN_INT_CONVERSION = YES;
				CLANG_WARN_NON_LITERAL_NULL_CONVERSION = YES;
				CLANG_WARN_OBJC_IMPLICIT_RETAIN_SELF = YES;
				CLANG_WARN_OBJC_LITERAL_CONVERSION = YES;
				CLANG_WARN_OBJC_ROOT_CLASS = YES_ERROR;
				CLANG_WARN_RANGE_LOOP_ANALYSIS = YES;
				CLANG_WARN_STRICT_PROTOTYPES = YES;
				CLANG_WARN_SUSPICIOUS_MOVE = YES;
				CLANG_WARN_UNGUARDED_AVAILABILITY = YES_AGGRESSIVE;
				CLANG_WARN_UNREACHABLE_CODE = YES;
				CLANG_WARN__DUPLICATE_METHOD_MATCH = YES;
				COPY_PHASE_STRIP = NO;
				DEBUG_INFORMATION_FORMAT = dwarf;
				ENABLE_STRICT_OBJC_MSGSEND = YES;
				ENABLE_TESTABILITY = YES;
				GCC_C_LANGUAGE_STANDARD = gnu11;
				GCC_DYNAMIC_NO_PIC = NO;
				GCC_NO_COMMON_BLOCKS = YES;
				GCC_OPTIMIZATION_LEVEL = 0;
				GCC_PREPROCESSOR_DEFINITIONS = (
					"DEBUG=1",
					"$(inherited)",
				);
				GCC_WARN_64_TO_32_BIT_CONVERSION = YES;
				GCC_WARN_ABOUT_RETURN_TYPE = YES_ERROR;
				GCC_WARN_UNDECLARED_SELECTOR = YES;
				GCC_WARN_UNINITIALIZED_AUTOS = YES_AGGRESSIVE;
				GCC_WARN_UNUSED_FUNCTION = YES;
				GCC_WARN_UNUSED_VARIABLE = YES;
				IPHONEOS_DEPLOYMENT_TARGET = 13.2;
				MTL_ENABLE_DEBUG_INFO = INCLUDE_SOURCE;
				MTL_FAST_MATH = YES;
				ONLY_ACTIVE_ARCH = YES;
				SDKROOT = iphoneos;
				SWIFT_ACTIVE_COMPILATION_CONDITIONS = DEBUG;
				SWIFT_OPTIMIZATION_LEVEL = "-Onone";
			};
			name = Debug;
		};
		6B84807D24173F6C0024484A /* Release */ = {
			isa = XCBuildConfiguration;
			buildSettings = {
				ALWAYS_SEARCH_USER_PATHS = NO;
				CLANG_ANALYZER_NONNULL = YES;
				CLANG_ANALYZER_NUMBER_OBJECT_CONVERSION = YES_AGGRESSIVE;
				CLANG_CXX_LANGUAGE_STANDARD = "gnu++14";
				CLANG_CXX_LIBRARY = "libc++";
				CLANG_ENABLE_MODULES = YES;
				CLANG_ENABLE_OBJC_ARC = YES;
				CLANG_ENABLE_OBJC_WEAK = YES;
				CLANG_WARN_BLOCK_CAPTURE_AUTORELEASING = YES;
				CLANG_WARN_BOOL_CONVERSION = YES;
				CLANG_WARN_COMMA = YES;
				CLANG_WARN_CONSTANT_CONVERSION = YES;
				CLANG_WARN_DEPRECATED_OBJC_IMPLEMENTATIONS = YES;
				CLANG_WARN_DIRECT_OBJC_ISA_USAGE = YES_ERROR;
				CLANG_WARN_DOCUMENTATION_COMMENTS = YES;
				CLANG_WARN_EMPTY_BODY = YES;
				CLANG_WARN_ENUM_CONVERSION = YES;
				CLANG_WARN_INFINITE_RECURSION = YES;
				CLANG_WARN_INT_CONVERSION = YES;
				CLANG_WARN_NON_LITERAL_NULL_CONVERSION = YES;
				CLANG_WARN_OBJC_IMPLICIT_RETAIN_SELF = YES;
				CLANG_WARN_OBJC_LITERAL_CONVERSION = YES;
				CLANG_WARN_OBJC_ROOT_CLASS = YES_ERROR;
				CLANG_WARN_RANGE_LOOP_ANALYSIS = YES;
				CLANG_WARN_STRICT_PROTOTYPES = YES;
				CLANG_WARN_SUSPICIOUS_MOVE = YES;
				CLANG_WARN_UNGUARDED_AVAILABILITY = YES_AGGRESSIVE;
				CLANG_WARN_UNREACHABLE_CODE = YES;
				CLANG_WARN__DUPLICATE_METHOD_MATCH = YES;
				COPY_PHASE_STRIP = NO;
				DEBUG_INFORMATION_FORMAT = "dwarf-with-dsym";
				ENABLE_NS_ASSERTIONS = NO;
				ENABLE_STRICT_OBJC_MSGSEND = YES;
				GCC_C_LANGUAGE_STANDARD = gnu11;
				GCC_NO_COMMON_BLOCKS = YES;
				GCC_WARN_64_TO_32_BIT_CONVERSION = YES;
				GCC_WARN_ABOUT_RETURN_TYPE = YES_ERROR;
				GCC_WARN_UNDECLARED_SELECTOR = YES;
				GCC_WARN_UNINITIALIZED_AUTOS = YES_AGGRESSIVE;
				GCC_WARN_UNUSED_FUNCTION = YES;
				GCC_WARN_UNUSED_VARIABLE = YES;
				IPHONEOS_DEPLOYMENT_TARGET = 13.2;
				MTL_ENABLE_DEBUG_INFO = NO;
				MTL_FAST_MATH = YES;
				SDKROOT = iphoneos;
				SWIFT_COMPILATION_MODE = wholemodule;
				SWIFT_OPTIMIZATION_LEVEL = "-O";
				VALIDATE_PRODUCT = YES;
			};
			name = Release;
		};
		6B84807F24173F6C0024484A /* Debug */ = {
			isa = XCBuildConfiguration;
			buildSettings = {
				ASSETCATALOG_COMPILER_APPICON_NAME = AppIcon;
				CODE_SIGN_ENTITLEMENTS = BackgroundSample/BackgroundSample.entitlements;
				CODE_SIGN_STYLE = Automatic;
				DEVELOPMENT_ASSET_PATHS = "\"BackgroundSample/Preview Content\"";
				DEVELOPMENT_TEAM = 29C6ELZ3SW;
				ENABLE_PREVIEWS = YES;
				INFOPLIST_FILE = BackgroundSample/Info.plist;
				LD_RUNPATH_SEARCH_PATHS = (
					"$(inherited)",
					"@executable_path/Frameworks",
				);
				PRODUCT_BUNDLE_IDENTIFIER = jp.co.chocoyama.BackgroundSample;
				PRODUCT_NAME = "$(TARGET_NAME)";
				SWIFT_VERSION = 5.0;
				TARGETED_DEVICE_FAMILY = "1,2";
			};
			name = Debug;
		};
		6B84808024173F6C0024484A /* Release */ = {
			isa = XCBuildConfiguration;
			buildSettings = {
				ASSETCATALOG_COMPILER_APPICON_NAME = AppIcon;
				CODE_SIGN_ENTITLEMENTS = BackgroundSample/BackgroundSample.entitlements;
				CODE_SIGN_STYLE = Automatic;
				DEVELOPMENT_ASSET_PATHS = "\"BackgroundSample/Preview Content\"";
				DEVELOPMENT_TEAM = 29C6ELZ3SW;
				ENABLE_PREVIEWS = YES;
				INFOPLIST_FILE = BackgroundSample/Info.plist;
				LD_RUNPATH_SEARCH_PATHS = (
					"$(inherited)",
					"@executable_path/Frameworks",
				);
				PRODUCT_BUNDLE_IDENTIFIER = jp.co.chocoyama.BackgroundSample;
				PRODUCT_NAME = "$(TARGET_NAME)";
				SWIFT_VERSION = 5.0;
				TARGETED_DEVICE_FAMILY = "1,2";
			};
			name = Release;
		};
/* End XCBuildConfiguration section */

/* Begin XCConfigurationList section */
		6B84806524173F6C0024484A /* Build configuration list for PBXProject "BackgroundSample" */ = {
			isa = XCConfigurationList;
			buildConfigurations = (
				6B84807C24173F6C0024484A /* Debug */,
				6B84807D24173F6C0024484A /* Release */,
			);
			defaultConfigurationIsVisible = 0;
			defaultConfigurationName = Release;
		};
		6B84807E24173F6C0024484A /* Build configuration list for PBXNativeTarget "BackgroundSample" */ = {
			isa = XCConfigurationList;
			buildConfigurations = (
				6B84807F24173F6C0024484A /* Debug */,
				6B84808024173F6C0024484A /* Release */,
			);
			defaultConfigurationIsVisible = 0;
			defaultConfigurationName = Release;
		};
/* End XCConfigurationList section */
	};
	rootObject = 6B84806224173F6C0024484A /* Project object */;
}
